---
lockfileVersion: 1
lockfileVendor: redhat
arches:
- arch: aarch64
  packages:
  - url: https://cdn.redhat.com/content/eus/rhel9/9.6/aarch64/appstream/os/Packages/a/autoconf-2.69-39.el9.noarch.rpm
    repoid: rhel-9-for-aarch64-appstream-eus-rpms
    size: 701111
    checksum: sha256:84fd90d834ac3f1f4e0d18bf45b92836970cea247c69fabaa69e01cba5e34c3e
    name: autoconf
    evr: 2.69-39.el9
    sourcerpm: autoconf-2.69-39.el9.src.rpm
  - url: https://cdn.redhat.com/content/eus/rhel9/9.6/aarch64/appstream/os/Packages/a/automake-1.16.2-8.el9.noarch.rpm
    repoid: rhel-9-for-aarch64-appstream-eus-rpms
    size: 709275
    checksum: sha256:905e10fa951af9e7b29d724bdd9ec42a42d25bf53f620d53a52203ac2e2c4f95
    name: automake
    evr: 1.16.2-8.el9
    sourcerpm: automake-1.16.2-8.el9.src.rpm
  - url: https://cdn.redhat.com/content/eus/rhel9/9.6/aarch64/appstream/os/Packages/c/cargo-1.84.1-1.el9.aarch64.rpm
    repoid: rhel-9-for-aarch64-appstream-eus-rpms
    size: 7744425
    checksum: sha256:5db626d49748f31fb02916c24fa1a7e5759ce7b905ac3e781d42079fba8fa1c4
    name: cargo
    evr: 1.84.1-1.el9
    sourcerpm: rust-1.84.1-1.el9.src.rpm
  - url: https://cdn.redhat.com/content/eus/rhel9/9.6/aarch64/appstream/os/Packages/c/cmake-3.26.5-2.el9.aarch64.rpm
    repoid: rhel-9-for-aarch64-appstream-eus-rpms
    size: 7432689
    checksum: sha256:6ac0e5e9a4fd761f8688678ac83580c7eebeacf6c241bd8089d72c4a477b22c3
    name: cmake
    evr: 3.26.5-2.el9
    sourcerpm: cmake-3.26.5-2.el9.src.rpm
  - url: https://cdn.redhat.com/content/eus/rhel9/9.6/aarch64/appstream/os/Packages/c/cmake-data-3.26.5-2.el9.noarch.rpm
    repoid: rhel-9-for-aarch64-appstream-eus-rpms
    size: 2488227
    checksum: sha256:84da65a7b8921f031d15903d91c5967022620f9e96b7493c8ab8024014755ee7
    name: cmake-data
    evr: 3.26.5-2.el9
    sourcerpm: cmake-3.26.5-2.el9.src.rpm
  - url: https://cdn.redhat.com/content/eus/rhel9/9.6/aarch64/appstream/os/Packages/c/cmake-rpm-macros-3.26.5-2.el9.noarch.rpm
    repoid: rhel-9-for-aarch64-appstream-eus-rpms
    size: 12250
    checksum: sha256:1c74969c8a4f21851f5b89f25ac55c689b75bed1318d0435fc3a14a49c39d0e3
    name: cmake-rpm-macros
    evr: 3.26.5-2.el9
    sourcerpm: cmake-3.26.5-2.el9.src.rpm
  - url: https://cdn.redhat.com/content/eus/rhel9/9.6/aarch64/appstream/os/Packages/c/containers-common-1-117.el9_6.aarch64.rpm
    repoid: rhel-9-for-aarch64-appstream-eus-rpms
    size: 158379
    checksum: sha256:5571ade0c71bbf0266315f2584693de7e517df4fe6b0ea0e84381030573b08d9
    name: containers-common
    evr: 2:1-117.el9_6
    sourcerpm: containers-common-1-117.el9_6.src.rpm
  - url: https://cdn.redhat.com/content/eus/rhel9/9.6/aarch64/appstream/os/Packages/c/criu-3.19-1.2.el9_6.aarch64.rpm
    repoid: rhel-9-for-aarch64-appstream-eus-rpms
    size: 555563
    checksum: sha256:a5c87a7ba8b66f13633cb1634f1678fae4acf5fe16027414117153da8a6c6ed4
    name: criu
    evr: 3.19-1.2.el9_6
    sourcerpm: criu-3.19-1.2.el9_6.src.rpm
  - url: https://cdn.redhat.com/content/eus/rhel9/9.6/aarch64/appstream/os/Packages/c/criu-libs-3.19-1.2.el9_6.aarch64.rpm
    repoid: rhel-9-for-aarch64-appstream-eus-rpms
    size: 31089
    checksum: sha256:d4aff59bbd475551f6bb3f9976d77a06d6098c52564dd341e9c7b03d45e24ea9
    name: criu-libs
    evr: 3.19-1.2.el9_6
    sourcerpm: criu-3.19-1.2.el9_6.src.rpm
  - url: https://cdn.redhat.com/content/eus/rhel9/9.6/aarch64/appstream/os/Packages/c/crun-1.26-1.el9_6.aarch64.rpm
    repoid: rhel-9-for-aarch64-appstream-eus-rpms
    size: 242042
    checksum: sha256:0a3d9f02540dd07366787661c4a252be88da3f217c6b618fb6107c5bd92ae92c
    name: crun
    evr: 1.26-1.el9_6
    sourcerpm: crun-1.26-1.el9_6.src.rpm
  - url: https://cdn.redhat.com/content/eus/rhel9/9.6/aarch64/appstream/os/Packages/f/fuse-overlayfs-1.14-1.el9.aarch64.rpm
    repoid: rhel-9-for-aarch64-appstream-eus-rpms
    size: 66963
    checksum: sha256:aa95ce8a964df785e349e8ef3baf12eacde4695be51923fecfdbdc1b69b41933
    name: fuse-overlayfs
    evr: 1.14-1.el9
    sourcerpm: fuse-overlayfs-1.14-1.el9.src.rpm
  - url: https://cdn.redhat.com/content/eus/rhel9/9.6/aarch64/appstream/os/Packages/f/fuse3-3.10.2-9.el9.aarch64.rpm
    repoid: rhel-9-for-aarch64-appstream-eus-rpms
    size: 58189
    checksum: sha256:2b911ff36ca332c9a5d0f2b2f088b51e9417d2085ec9c44967102f845825ad0f
    name: fuse3
    evr: 3.10.2-9.el9
    sourcerpm: fuse3-3.10.2-9.el9.src.rpm
  - url: https://cdn.redhat.com/content/eus/rhel9/9.6/aarch64/appstream/os/Packages/f/fuse3-libs-3.10.2-9.el9.aarch64.rpm
    repoid: rhel-9-for-aarch64-appstream-eus-rpms
    size: 92984
    checksum: sha256:5996291bc8dbb3d32f5d0ac693a4570dba5fe45631d4ca0552696285ff905370
    name: fuse3-libs
    evr: 3.10.2-9.el9
    sourcerpm: fuse3-3.10.2-9.el9.src.rpm
  - url: https://cdn.redhat.com/content/eus/rhel9/9.6/aarch64/appstream/os/Packages/g/git-2.47.3-1.el9_6.aarch64.rpm
    repoid: rhel-9-for-aarch64-appstream-eus-rpms
    size: 51846
    checksum: sha256:6d80ba0961c5ddebd612a86790023e8086e5c0ed10bc282b088362b98df2c0a9
    name: git
    evr: 2.47.3-1.el9_6
    sourcerpm: git-2.47.3-1.el9_6.src.rpm
  - url: https://cdn.redhat.com/content/eus/rhel9/9.6/aarch64/appstream/os/Packages/g/git-core-doc-2.47.3-1.el9_6.noarch.rpm
    repoid: rhel-9-for-aarch64-appstream-eus-rpms
    size: 3195826
    checksum: sha256:0008ecada894ff2a51c43f868b7727baae3836911b541a613769d2e93d501442
    name: git-core-doc
    evr: 2.47.3-1.el9_6
    sourcerpm: git-2.47.3-1.el9_6.src.rpm
  - url: https://cdn.redhat.com/content/eus/rhel9/9.6/aarch64/appstream/os/Packages/l/libnet-1.2-7.el9.aarch64.rpm
    repoid: rhel-9-for-aarch64-appstream-eus-rpms
    size: 62963
    checksum: sha256:543b0664c576f91ae8f5563f04c2cb3de65ff514d5ed658ac825aa4d98e860dd
    name: libnet
    evr: 1.2-7.el9
    sourcerpm: libnet-1.2-7.el9.src.rpm
  - url: https://cdn.redhat.com/content/eus/rhel9/9.6/aarch64/appstream/os/Packages/l/libpq-devel-13.23-1.el9_6.aarch64.rpm
    repoid: rhel-9-for-aarch64-appstream-eus-rpms
    size: 99035
    checksum: sha256:00a7c684ffa582e4e55543f011dad15a9644d1294e298b3087749afda1b15e6f
    name: libpq-devel
    evr: 13.23-1.el9_6
    sourcerpm: libpq-13.23-1.el9_6.src.rpm
  - url: https://cdn.redhat.com/content/eus/rhel9/9.6/aarch64/appstream/os/Packages/l/libslirp-4.4.0-8.el9.aarch64.rpm
    repoid: rhel-9-for-aarch64-appstream-eus-rpms
    size: 70971
    checksum: sha256:12fa772c2e3905244fd6cc9971e2592c12a547ac3e4df66f5f0c6ef1e670067d
    name: libslirp
    evr: 4.4.0-8.el9
    sourcerpm: libslirp-4.4.0-8.el9.src.rpm
  - url: https://cdn.redhat.com/content/eus/rhel9/9.6/aarch64/appstream/os/Packages/l/libtool-2.4.6-46.el9.aarch64.rpm
    repoid: rhel-9-for-aarch64-appstream-eus-rpms
    size: 598835
    checksum: sha256:8920fa4680e70bd8ab820ac3cc24285f38cdc377d5b5622eab2f805b3e08a224
    name: libtool
    evr: 2.4.6-46.el9
    sourcerpm: libtool-2.4.6-46.el9.src.rpm
  - url: https://cdn.redhat.com/content/eus/rhel9/9.6/aarch64/appstream/os/Packages/l/libuv-1.42.0-2.el9_4.aarch64.rpm
    repoid: rhel-9-for-aarch64-appstream-eus-rpms
    size: 150129
    checksum: sha256:4dc8a40da74e0f9823356460ee11f183c70f382953700fffef0c448198a677cc
    name: libuv
    evr: 1:1.42.0-2.el9_4
    sourcerpm: libuv-1.42.0-2.el9_4.src.rpm
  - url: https://cdn.redhat.com/content/eus/rhel9/9.6/aarch64/appstream/os/Packages/m/m4-1.4.19-1.el9.aarch64.rpm
    repoid: rhel-9-for-aarch64-appstream-eus-rpms
    size: 308647
    checksum: sha256:7f30b1b9fa76f9f55b04d83f14a76fe1f64c88d842ef1a53a8e1b87276aacc1a
    name: m4
    evr: 1.4.19-1.el9
    sourcerpm: m4-1.4.19-1.el9.src.rpm
  - url: https://cdn.redhat.com/content/eus/rhel9/9.6/aarch64/appstream/os/Packages/p/perl-DynaLoader-1.47-481.1.el9_6.aarch64.rpm
    repoid: rhel-9-for-aarch64-appstream-eus-rpms
    size: 25913
    checksum: sha256:cddb0b2e16a10b80b6b3ffd6409b210aeba404acc589a958f280cac24d12403f
    name: perl-DynaLoader
    evr: 1.47-481.1.el9_6
    sourcerpm: perl-5.32.1-481.1.el9_6.src.rpm
  - url: https://cdn.redhat.com/content/eus/rhel9/9.6/aarch64/appstream/os/Packages/p/perl-Error-0.17029-7.el9.noarch.rpm
    repoid: rhel-9-for-aarch64-appstream-eus-rpms
    size: 47552
    checksum: sha256:17cecf9160050d4709f4817eceba32c637e10d8bc87487a754e8f1764b1e8b6a
    name: perl-Error
    evr: 1:0.17029-7.el9
    sourcerpm: perl-Error-0.17029-7.el9.src.rpm
  - url: https://cdn.redhat.com/content/eus/rhel9/9.6/aarch64/appstream/os/Packages/p/perl-File-Compare-1.100.600-481.1.el9_6.noarch.rpm
    repoid: rhel-9-for-aarch64-appstream-eus-rpms
    size: 13166
    checksum: sha256:0dd800746b848a84fce73dcef035c4241e6aa90262c821a0ad295a7756ca1a4c
    name: perl-File-Compare
    evr: 1.100.600-481.1.el9_6
    sourcerpm: perl-5.32.1-481.1.el9_6.src.rpm
  - url: https://cdn.redhat.com/content/eus/rhel9/9.6/aarch64/appstream/os/Packages/p/perl-File-Copy-2.34-481.1.el9_6.noarch.rpm
    repoid: rhel-9-for-aarch64-appstream-eus-rpms
    size: 20143
    checksum: sha256:165816db79e88e63c96bdafaf0c3bfee95b6feedb78e40da3a6dcc196a15a186
    name: perl-File-Copy
    evr: 2.34-481.1.el9_6
    sourcerpm: perl-5.32.1-481.1.el9_6.src.rpm
  - url: https://cdn.redhat.com/content/eus/rhel9/9.6/aarch64/appstream/os/Packages/p/perl-File-Find-1.37-481.1.el9_6.noarch.rpm
    repoid: rhel-9-for-aarch64-appstream-eus-rpms
    size: 25551
    checksum: sha256:002ec6d107fff6949f1a88965fb31b0a4efe6ce663395ab47e0cb939e3920c08
    name: perl-File-Find
    evr: 1.37-481.1.el9_6
    sourcerpm: perl-5.32.1-481.1.el9_6.src.rpm
  - url: https://cdn.redhat.com/content/eus/rhel9/9.6/aarch64/appstream/os/Packages/p/perl-Git-2.47.3-1.el9_6.noarch.rpm
    repoid: rhel-9-for-aarch64-appstream-eus-rpms
    size: 38720
    checksum: sha256:d0b4a24233ba8a6eb0966b3b6d8d52dfc5c33577fc8033e693f9aa181f3e2330
    name: perl-Git
    evr: 2.47.3-1.el9_6
    sourcerpm: git-2.47.3-1.el9_6.src.rpm
  - url: https://cdn.redhat.com/content/eus/rhel9/9.6/aarch64/appstream/os/Packages/p/perl-TermReadKey-2.38-11.el9.aarch64.rpm
    repoid: rhel-9-for-aarch64-appstream-eus-rpms
    size: 40577
    checksum: sha256:bfe0d10d4c1028a7929ca213bfd3871f059ea0daeec4c48f3e85d54d77a5a2fc
    name: perl-TermReadKey
    evr: 2.38-11.el9
    sourcerpm: perl-TermReadKey-2.38-11.el9.src.rpm
  - url: https://cdn.redhat.com/content/eus/rhel9/9.6/aarch64/appstream/os/Packages/p/perl-Thread-Queue-3.14-460.el9.noarch.rpm
    repoid: rhel-9-for-aarch64-appstream-eus-rpms
    size: 24804
    checksum: sha256:88d838d681ad683970eb8566e8936faabffc3495dd1b555f083a1cd00538291a
    name: perl-Thread-Queue
    evr: 3.14-460.el9
    sourcerpm: perl-Thread-Queue-3.14-460.el9.src.rpm
  - url: https://cdn.redhat.com/content/eus/rhel9/9.6/aarch64/appstream/os/Packages/p/perl-lib-0.65-481.1.el9_6.aarch64.rpm
    repoid: rhel-9-for-aarch64-appstream-eus-rpms
    size: 14815
    checksum: sha256:ac5fca3480c9429a1c86b7a781a0713776a75719b9337297f602cfb9cd2eeb12
    name: perl-lib
    evr: 0.65-481.1.el9_6
    sourcerpm: perl-5.32.1-481.1.el9_6.src.rpm
  - url: https://cdn.redhat.com/content/eus/rhel9/9.6/aarch64/appstream/os/Packages/p/perl-threads-2.25-460.el9.aarch64.rpm
    repoid: rhel-9-for-aarch64-appstream-eus-rpms
    size: 61254
    checksum: sha256:787a2ff27e96046c3b38e44a760e52660f6b63875661ef64addde79b63363eb1
    name: perl-threads
    evr: 1:2.25-460.el9
    sourcerpm: perl-threads-2.25-460.el9.src.rpm
  - url: https://cdn.redhat.com/content/eus/rhel9/9.6/aarch64/appstream/os/Packages/p/perl-threads-shared-1.61-460.el9.aarch64.rpm
    repoid: rhel-9-for-aarch64-appstream-eus-rpms
    size: 47910
    checksum: sha256:073ef01a23d905b89b5688645c85fa654567876c19043378b9fd15e44229c558
    name: perl-threads-shared
    evr: 1.61-460.el9
    sourcerpm: perl-threads-shared-1.61-460.el9.src.rpm
  - url: https://cdn.redhat.com/content/eus/rhel9/9.6/aarch64/appstream/os/Packages/p/python3.12-pip-23.2.1-4.el9.noarch.rpm
    repoid: rhel-9-for-aarch64-appstream-eus-rpms
    size: 3377244
    checksum: sha256:d7fddc3a02b3cba2256034e3ed61378dc37bd6155f91f5feb7560c9ffeb5230e
    name: python3.12-pip
    evr: 23.2.1-4.el9
    sourcerpm: python3.12-pip-23.2.1-4.el9.src.rpm
  - url: https://cdn.redhat.com/content/eus/rhel9/9.6/aarch64/appstream/os/Packages/p/python3.12-setuptools-68.2.2-5.el9_6.noarch.rpm
    repoid: rhel-9-for-aarch64-appstream-eus-rpms
    size: 1654905
    checksum: sha256:6a7ea24faa6a5f2686b5e5b103a09f63b929b9bef70f1392dfea4ec5ef57c819
    name: python3.12-setuptools
    evr: 68.2.2-5.el9_6
    sourcerpm: python3.12-setuptools-68.2.2-5.el9_6.src.rpm
  - url: https://cdn.redhat.com/content/eus/rhel9/9.6/aarch64/appstream/os/Packages/r/ruby-3.0.7-165.el9_5.aarch64.rpm
    repoid: rhel-9-for-aarch64-appstream-eus-rpms
    size: 39988
    checksum: sha256:1b9a250759d6e3e1d54b234bd1b286ac9e60d6a638f3e316c235d42e00340515
    name: ruby
    evr: 3.0.7-165.el9_5
    sourcerpm: ruby-3.0.7-165.el9_5.src.rpm
  - url: https://cdn.redhat.com/content/eus/rhel9/9.6/aarch64/appstream/os/Packages/r/ruby-default-gems-3.0.7-165.el9_5.noarch.rpm
    repoid: rhel-9-for-aarch64-appstream-eus-rpms
    size: 43707
    checksum: sha256:87980d39f679983122cfa4dfc385a10623d07471af660146eb03efaff522acf6
    name: ruby-default-gems
    evr: 3.0.7-165.el9_5
    sourcerpm: ruby-3.0.7-165.el9_5.src.rpm
  - url: https://cdn.redhat.com/content/eus/rhel9/9.6/aarch64/appstream/os/Packages/r/ruby-libs-3.0.7-165.el9_5.aarch64.rpm
    repoid: rhel-9-for-aarch64-appstream-eus-rpms
    size: 3414553
    checksum: sha256:0f68e72ee58afa51b0d3d7f059c27a7fa1c74077a3587ed0bdb5a04ca62f30e5
    name: ruby-libs
    evr: 3.0.7-165.el9_5
    sourcerpm: ruby-3.0.7-165.el9_5.src.rpm
  - url: https://cdn.redhat.com/content/eus/rhel9/9.6/aarch64/appstream/os/Packages/r/rubygem-bigdecimal-3.0.0-165.el9_5.aarch64.rpm
    repoid: rhel-9-for-aarch64-appstream-eus-rpms
    size: 53615
    checksum: sha256:75a844319d55d48482d467262827f573a70d8d380d624eb7b2cac4e7b78bfaa1
    name: rubygem-bigdecimal
    evr: 3.0.0-165.el9_5
    sourcerpm: ruby-3.0.7-165.el9_5.src.rpm
  - url: https://cdn.redhat.com/content/eus/rhel9/9.6/aarch64/appstream/os/Packages/r/rubygem-bundler-2.2.33-165.el9_5.noarch.rpm
    repoid: rhel-9-for-aarch64-appstream-eus-rpms
    size: 463714
    checksum: sha256:40a31a95f07540da676a46f96cdf03bb1f16bbc3b50a809cf0c1036dccff5fd9
    name: rubygem-bundler
    evr: 2.2.33-165.el9_5
    sourcerpm: ruby-3.0.7-165.el9_5.src.rpm
  - url: https://cdn.redhat.com/content/eus/rhel9/9.6/aarch64/appstream/os/Packages/r/rubygem-io-console-0.5.7-165.el9_5.aarch64.rpm
    repoid: rhel-9-for-aarch64-appstream-eus-rpms
    size: 23769
    checksum: sha256:ec6e8a35eed8c639e6a4952ceb9e9df3d4184f2d5059da4dd7943b1a005c3f6f
    name: rubygem-io-console
    evr: 0.5.7-165.el9_5
    sourcerpm: ruby-3.0.7-165.el9_5.src.rpm
  - url: https://cdn.redhat.com/content/eus/rhel9/9.6/aarch64/appstream/os/Packages/r/rubygem-json-2.5.1-165.el9_5.aarch64.rpm
    repoid: rhel-9-for-aarch64-appstream-eus-rpms
    size: 56695
    checksum: sha256:28548b66c5a05931541c07350ed7fea44a47474a3755fc6590fec56eed84ab59
    name: rubygem-json
    evr: 2.5.1-165.el9_5
    sourcerpm: ruby-3.0.7-165.el9_5.src.rpm
  - url: https://cdn.redhat.com/content/eus/rhel9/9.6/aarch64/appstream/os/Packages/r/rubygem-psych-3.3.2-165.el9_5.aarch64.rpm
    repoid: rhel-9-for-aarch64-appstream-eus-rpms
    size: 57944
    checksum: sha256:f001209c79aa6288fd73f6f2ad729c0ca4236cd8f6f5c6fca5ebde2f1b479055
    name: rubygem-psych
    evr: 3.3.2-165.el9_5
    sourcerpm: ruby-3.0.7-165.el9_5.src.rpm
  - url: https://cdn.redhat.com/content/eus/rhel9/9.6/aarch64/appstream/os/Packages/r/rubygem-rdoc-6.3.4.1-165.el9_5.noarch.rpm
    repoid: rhel-9-for-aarch64-appstream-eus-rpms
    size: 447643
    checksum: sha256:e10f7a41570c647f3fdfff59cf160036e80e48fc027a92dd624e37a31fda5766
    name: rubygem-rdoc
    evr: 6.3.4.1-165.el9_5
    sourcerpm: ruby-3.0.7-165.el9_5.src.rpm
  - url: https://cdn.redhat.com/content/eus/rhel9/9.6/aarch64/appstream/os/Packages/r/rubygems-3.2.33-165.el9_5.noarch.rpm
    repoid: rhel-9-for-aarch64-appstream-eus-rpms
    size: 310195
    checksum: sha256:03ae5e148b2be4c5a0fac3cb3cbfe3895f56cf67aa9212f6f28665589caf10e6
    name: rubygems
    evr: 3.2.33-165.el9_5
    sourcerpm: ruby-3.0.7-165.el9_5.src.rpm
  - url: https://cdn.redhat.com/content/eus/rhel9/9.6/aarch64/appstream/os/Packages/r/rust-1.84.1-1.el9.aarch64.rpm
    repoid: rhel-9-for-aarch64-appstream-eus-rpms
    size: 26093725
    checksum: sha256:5be9185a7d684022bc0686049c22ef901c4df6dce2822bdec16a1a47c46b6861
    name: rust
    evr: 1.84.1-1.el9
    sourcerpm: rust-1.84.1-1.el9.src.rpm
  - url: https://cdn.redhat.com/content/eus/rhel9/9.6/aarch64/appstream/os/Packages/r/rust-std-static-1.84.1-1.el9.aarch64.rpm
    repoid: rhel-9-for-aarch64-appstream-eus-rpms
    size: 39259196
    checksum: sha256:5889bced81144c4ea201085e5bfd040300c56048e5d7987e9eb69d4d252f87bf
    name: rust-std-static
    evr: 1.84.1-1.el9
    sourcerpm: rust-1.84.1-1.el9.src.rpm
  - url: https://cdn.redhat.com/content/eus/rhel9/9.6/aarch64/appstream/os/Packages/s/skopeo-1.18.1-3.el9_6.aarch64.rpm
    repoid: rhel-9-for-aarch64-appstream-eus-rpms
    size: 8833242
    checksum: sha256:9c66bec7522e6970c21dc251e2a1b615bf118741bd62d4d7eefab191a8810015
    name: skopeo
    evr: 2:1.18.1-3.el9_6
    sourcerpm: skopeo-1.18.1-3.el9_6.src.rpm
  - url: https://cdn.redhat.com/content/eus/rhel9/9.6/aarch64/appstream/os/Packages/s/slirp4netns-1.3.2-1.el9.aarch64.rpm
    repoid: rhel-9-for-aarch64-appstream-eus-rpms
    size: 50394
    checksum: sha256:01db172d566e090d3a0789d27c3dd7d7151458765b6264784e0fa3d89b132fee
    name: slirp4netns
    evr: 1.3.2-1.el9
    sourcerpm: slirp4netns-1.3.2-1.el9.src.rpm
  - url: https://cdn.redhat.com/content/eus/rhel9/9.6/aarch64/appstream/os/Packages/y/yajl-2.1.0-25.el9.aarch64.rpm
    repoid: rhel-9-for-aarch64-appstream-eus-rpms
    size: 42219
    checksum: sha256:a6becc709b5431b18ccebd844278598f01f05bfd57dc1abfaa1680d5b8edc8ac
    name: yajl
    evr: 2.1.0-25.el9
    sourcerpm: yajl-2.1.0-25.el9.src.rpm
  - url: https://cdn.redhat.com/content/eus/rhel9/9.6/aarch64/baseos/os/Packages/f/fuse-common-3.10.2-9.el9.aarch64.rpm
    repoid: rhel-9-for-aarch64-baseos-eus-rpms
    size: 8718
    checksum: sha256:ee202d37528745e6367791304c4f04af4a84bc9df2027234900186a8bff858f7
    name: fuse-common
    evr: 3.10.2-9.el9
    sourcerpm: fuse3-3.10.2-9.el9.src.rpm
  - url: https://cdn.redhat.com/content/eus/rhel9/9.6/aarch64/baseos/os/Packages/p/protobuf-c-1.3.3-13.el9.aarch64.rpm
    repoid: rhel-9-for-aarch64-baseos-eus-rpms
    size: 38582
    checksum: sha256:d68a518f80e00df5e63ba24d4be5058998d857e24b1af316f37001dfc91d3149
    name: protobuf-c
    evr: 1.3.3-13.el9
    sourcerpm: protobuf-c-1.3.3-13.el9.src.rpm
  - url: https://cdn.redhat.com/content/eus/rhel9/9.6/aarch64/baseos/os/Packages/s/shadow-utils-subid-4.9-12.el9.aarch64.rpm
    repoid: rhel-9-for-aarch64-baseos-eus-rpms
    size: 89073
    checksum: sha256:defb5583bcda27004a657df50d385d9884a0d93b14c38725b1141255614dcd0c
    name: shadow-utils-subid
    evr: 2:4.9-12.el9
    sourcerpm: shadow-utils-4.9-12.el9.src.rpm
  - url: https://cdn.redhat.com/content/eus/rhel9/9.6/aarch64/codeready-builder/os/Packages/s/swig-4.0.2-8.el9.aarch64.rpm
    repoid: codeready-builder-for-rhel-9-aarch64-eus-rpms
    size: 1636339
    checksum: sha256:5b44767ff7c65f96c97c32c1245170a0699c64d34e59225082b593c5c19ee282
    name: swig
    evr: 4.0.2-8.el9
    sourcerpm: swig-4.0.2-8.el9.src.rpm
  source: []
  module_metadata: []
- arch: x86_64
  packages:
  - url: https://cdn.redhat.com/content/eus/rhel9/9.6/x86_64/appstream/os/Packages/a/autoconf-2.69-39.el9.noarch.rpm
    repoid: rhel-9-for-x86_64-appstream-eus-rpms
    size: 701111
    checksum: sha256:84fd90d834ac3f1f4e0d18bf45b92836970cea247c69fabaa69e01cba5e34c3e
    name: autoconf
    evr: 2.69-39.el9
    sourcerpm: autoconf-2.69-39.el9.src.rpm
  - url: https://cdn.redhat.com/content/eus/rhel9/9.6/x86_64/appstream/os/Packages/a/automake-1.16.2-8.el9.noarch.rpm
    repoid: rhel-9-for-x86_64-appstream-eus-rpms
    size: 709275
    checksum: sha256:905e10fa951af9e7b29d724bdd9ec42a42d25bf53f620d53a52203ac2e2c4f95
    name: automake
    evr: 1.16.2-8.el9
    sourcerpm: automake-1.16.2-8.el9.src.rpm
  - url: https://cdn.redhat.com/content/eus/rhel9/9.6/x86_64/appstream/os/Packages/c/cargo-1.84.1-1.el9.x86_64.rpm
    repoid: rhel-9-for-x86_64-appstream-eus-rpms
    size: 8292467
    checksum: sha256:7dd011cd79a635654ade4e3186c5f7545d692de81157d1ce1d42656eaa6993b2
    name: cargo
    evr: 1.84.1-1.el9
    sourcerpm: rust-1.84.1-1.el9.src.rpm
  - url: https://cdn.redhat.com/content/eus/rhel9/9.6/x86_64/appstream/os/Packages/c/cmake-3.26.5-2.el9.x86_64.rpm
    repoid: rhel-9-for-x86_64-appstream-eus-rpms
    size: 9159462
    checksum: sha256:f553370cb02b87e7388697468256556e765b102c2fcb56be6bc250cb2351e8ad
    name: cmake
    evr: 3.26.5-2.el9
    sourcerpm: cmake-3.26.5-2.el9.src.rpm
  - url: https://cdn.redhat.com/content/eus/rhel9/9.6/x86_64/appstream/os/Packages/c/cmake-data-3.26.5-2.el9.noarch.rpm
    repoid: rhel-9-for-x86_64-appstream-eus-rpms
    size: 2488227
    checksum: sha256:84da65a7b8921f031d15903d91c5967022620f9e96b7493c8ab8024014755ee7
    name: cmake-data
    evr: 3.26.5-2.el9
    sourcerpm: cmake-3.26.5-2.el9.src.rpm
  - url: https://cdn.redhat.com/content/eus/rhel9/9.6/x86_64/appstream/os/Packages/c/cmake-rpm-macros-3.26.5-2.el9.noarch.rpm
    repoid: rhel-9-for-x86_64-appstream-eus-rpms
    size: 12250
    checksum: sha256:1c74969c8a4f21851f5b89f25ac55c689b75bed1318d0435fc3a14a49c39d0e3
    name: cmake-rpm-macros
    evr: 3.26.5-2.el9
    sourcerpm: cmake-3.26.5-2.el9.src.rpm
  - url: https://cdn.redhat.com/content/eus/rhel9/9.6/x86_64/appstream/os/Packages/c/containers-common-1-117.el9_6.x86_64.rpm
    repoid: rhel-9-for-x86_64-appstream-eus-rpms
    size: 158417
    checksum: sha256:4a45b00847d30c3c804a6184af69e0e11836be975e51960596ce31c459a5d532
    name: containers-common
    evr: 2:1-117.el9_6
    sourcerpm: containers-common-1-117.el9_6.src.rpm
  - url: https://cdn.redhat.com/content/eus/rhel9/9.6/x86_64/appstream/os/Packages/c/criu-3.19-1.2.el9_6.x86_64.rpm
    repoid: rhel-9-for-x86_64-appstream-eus-rpms
    size: 570685
    checksum: sha256:fcc3972770f19de2ed8030983b30a624aa7a4f93f1f5b70238118ab980375456
    name: criu
    evr: 3.19-1.2.el9_6
    sourcerpm: criu-3.19-1.2.el9_6.src.rpm
  - url: https://cdn.redhat.com/content/eus/rhel9/9.6/x86_64/appstream/os/Packages/c/criu-libs-3.19-1.2.el9_6.x86_64.rpm
    repoid: rhel-9-for-x86_64-appstream-eus-rpms
    size: 31924
    checksum: sha256:98a67d3218d5961abaea63a4f7bdfc30ec461ec65bca2347e4d9ea067d7ce4e6
    name: criu-libs
    evr: 3.19-1.2.el9_6
    sourcerpm: criu-3.19-1.2.el9_6.src.rpm
  - url: https://cdn.redhat.com/content/eus/rhel9/9.6/x86_64/appstream/os/Packages/c/crun-1.26-1.el9_6.x86_64.rpm
    repoid: rhel-9-for-x86_64-appstream-eus-rpms
    size: 258553
    checksum: sha256:b3cda6b34c737ffba190c553029ad65b492ce85665463814f65a63e1922f6362
    name: crun
    evr: 1.26-1.el9_6
    sourcerpm: crun-1.26-1.el9_6.src.rpm
  - url: https://cdn.redhat.com/content/eus/rhel9/9.6/x86_64/appstream/os/Packages/f/fuse-overlayfs-1.14-1.el9.x86_64.rpm
    repoid: rhel-9-for-x86_64-appstream-eus-rpms
    size: 71022
    checksum: sha256:884e4034c930e0305d2402da2bdc1eac5a91295da06e554b75c1c9a4529ddbc2
    name: fuse-overlayfs
    evr: 1.14-1.el9
    sourcerpm: fuse-overlayfs-1.14-1.el9.src.rpm
  - url: https://cdn.redhat.com/content/eus/rhel9/9.6/x86_64/appstream/os/Packages/f/fuse3-3.10.2-9.el9.x86_64.rpm
    repoid: rhel-9-for-x86_64-appstream-eus-rpms
    size: 58706
    checksum: sha256:4674b4ee6150c8f8be01a028a471c209a6be7c0cf78e9450cf28fb01eaed9ea2
    name: fuse3
    evr: 3.10.2-9.el9
    sourcerpm: fuse3-3.10.2-9.el9.src.rpm
  - url: https://cdn.redhat.com/content/eus/rhel9/9.6/x86_64/appstream/os/Packages/f/fuse3-libs-3.10.2-9.el9.x86_64.rpm
    repoid: rhel-9-for-x86_64-appstream-eus-rpms
    size: 95573
    checksum: sha256:945e1d95edbce9c7dba52e9317d4564381efa5a1ba48d4bd49a58c85e47cd717
    name: fuse3-libs
    evr: 3.10.2-9.el9
    sourcerpm: fuse3-3.10.2-9.el9.src.rpm
  - url: https://cdn.redhat.com/content/eus/rhel9/9.6/x86_64/appstream/os/Packages/g/git-2.47.3-1.el9_6.x86_64.rpm
    repoid: rhel-9-for-x86_64-appstream-eus-rpms
    size: 51883
    checksum: sha256:5097b6a0540e33dd02d581109cf1b10fcc736975c330208fae148efacb13b649
    name: git
    evr: 2.47.3-1.el9_6
    sourcerpm: git-2.47.3-1.el9_6.src.rpm
  - url: https://cdn.redhat.com/content/eus/rhel9/9.6/x86_64/appstream/os/Packages/g/git-core-doc-2.47.3-1.el9_6.noarch.rpm
    repoid: rhel-9-for-x86_64-appstream-eus-rpms
    size: 3195826
    checksum: sha256:0008ecada894ff2a51c43f868b7727baae3836911b541a613769d2e93d501442
    name: git-core-doc
    evr: 2.47.3-1.el9_6
    sourcerpm: git-2.47.3-1.el9_6.src.rpm
  - url: https://cdn.redhat.com/content/eus/rhel9/9.6/x86_64/appstream/os/Packages/l/libnet-1.2-7.el9.x86_64.rpm
    repoid: rhel-9-for-x86_64-appstream-eus-rpms
    size: 61278
    checksum: sha256:738b9a7ab78c149487e349d90c384b59031d5763ba687a6b58a4f853671af86b
    name: libnet
    evr: 1.2-7.el9
    sourcerpm: libnet-1.2-7.el9.src.rpm
  - url: https://cdn.redhat.com/content/eus/rhel9/9.6/x86_64/appstream/os/Packages/l/libpq-devel-13.23-1.el9_6.x86_64.rpm
    repoid: rhel-9-for-x86_64-appstream-eus-rpms
    size: 100133
    checksum: sha256:001ce9ad00b1f1056e11226d56f1586660c7fbda0260f78b0ca9807699ce57f8
    name: libpq-devel
    evr: 13.23-1.el9_6
    sourcerpm: libpq-13.23-1.el9_6.src.rpm
  - url: https://cdn.redhat.com/content/eus/rhel9/9.6/x86_64/appstream/os/Packages/l/libslirp-4.4.0-8.el9.x86_64.rpm
    repoid: rhel-9-for-x86_64-appstream-eus-rpms
    size: 71992
    checksum: sha256:9bd269ec50504f997683e963481f870bb937c3cfdb54a057e9acca67bf2b7631
    name: libslirp
    evr: 4.4.0-8.el9
    sourcerpm: libslirp-4.4.0-8.el9.src.rpm
  - url: https://cdn.redhat.com/content/eus/rhel9/9.6/x86_64/appstream/os/Packages/l/libtool-2.4.6-46.el9.x86_64.rpm
    repoid: rhel-9-for-x86_64-appstream-eus-rpms
    size: 598907
    checksum: sha256:29e3e75c1037c5335fd6f9f4029e2dcdcd27d8870fd72b18bd7c16bf51a0db8c
    name: libtool
    evr: 2.4.6-46.el9
    sourcerpm: libtool-2.4.6-46.el9.src.rpm
  - url: https://cdn.redhat.com/content/eus/rhel9/9.6/x86_64/appstream/os/Packages/l/libuv-1.42.0-2.el9_4.x86_64.rpm
    repoid: rhel-9-for-x86_64-appstream-eus-rpms
    size: 154427
    checksum: sha256:e1fab39251239ccaad2fb4dbe6c55ec1ae60f76d4ae81582b06e6a58e30879b2
    name: libuv
    evr: 1:1.42.0-2.el9_4
    sourcerpm: libuv-1.42.0-2.el9_4.src.rpm
  - url: https://cdn.redhat.com/content/eus/rhel9/9.6/x86_64/appstream/os/Packages/m/m4-1.4.19-1.el9.x86_64.rpm
    repoid: rhel-9-for-x86_64-appstream-eus-rpms
    size: 311655
    checksum: sha256:1e2e39a86cdd100379df1e555608c64f3de3439fef8a746208509375c787c27c
    name: m4
    evr: 1.4.19-1.el9
    sourcerpm: m4-1.4.19-1.el9.src.rpm
  - url: https://cdn.redhat.com/content/eus/rhel9/9.6/x86_64/appstream/os/Packages/p/perl-DynaLoader-1.47-481.1.el9_6.x86_64.rpm
    repoid: rhel-9-for-x86_64-appstream-eus-rpms
    size: 25958
    checksum: sha256:937d31c9fc324bfa7434e8455cf1828afd46e4502f661566a7286853d8d46bf1
    name: perl-DynaLoader
    evr: 1.47-481.1.el9_6
    sourcerpm: perl-5.32.1-481.1.el9_6.src.rpm
  - url: https://cdn.redhat.com/content/eus/rhel9/9.6/x86_64/appstream/os/Packages/p/perl-Error-0.17029-7.el9.noarch.rpm
    repoid: rhel-9-for-x86_64-appstream-eus-rpms
    size: 47552
    checksum: sha256:17cecf9160050d4709f4817eceba32c637e10d8bc87487a754e8f1764b1e8b6a
    name: perl-Error
    evr: 1:0.17029-7.el9
    sourcerpm: perl-Error-0.17029-7.el9.src.rpm
  - url: https://cdn.redhat.com/content/eus/rhel9/9.6/x86_64/appstream/os/Packages/p/perl-File-Compare-1.100.600-481.1.el9_6.noarch.rpm
    repoid: rhel-9-for-x86_64-appstream-eus-rpms
    size: 13166
    checksum: sha256:0dd800746b848a84fce73dcef035c4241e6aa90262c821a0ad295a7756ca1a4c
    name: perl-File-Compare
    evr: 1.100.600-481.1.el9_6
    sourcerpm: perl-5.32.1-481.1.el9_6.src.rpm
  - url: https://cdn.redhat.com/content/eus/rhel9/9.6/x86_64/appstream/os/Packages/p/perl-File-Copy-2.34-481.1.el9_6.noarch.rpm
    repoid: rhel-9-for-x86_64-appstream-eus-rpms
    size: 20143
    checksum: sha256:165816db79e88e63c96bdafaf0c3bfee95b6feedb78e40da3a6dcc196a15a186
    name: perl-File-Copy
    evr: 2.34-481.1.el9_6
    sourcerpm: perl-5.32.1-481.1.el9_6.src.rpm
  - url: https://cdn.redhat.com/content/eus/rhel9/9.6/x86_64/appstream/os/Packages/p/perl-File-Find-1.37-481.1.el9_6.noarch.rpm
    repoid: rhel-9-for-x86_64-appstream-eus-rpms
    size: 25551
    checksum: sha256:002ec6d107fff6949f1a88965fb31b0a4efe6ce663395ab47e0cb939e3920c08
    name: perl-File-Find
    evr: 1.37-481.1.el9_6
    sourcerpm: perl-5.32.1-481.1.el9_6.src.rpm
  - url: https://cdn.redhat.com/content/eus/rhel9/9.6/x86_64/appstream/os/Packages/p/perl-Git-2.47.3-1.el9_6.noarch.rpm
    repoid: rhel-9-for-x86_64-appstream-eus-rpms
    size: 38720
    checksum: sha256:d0b4a24233ba8a6eb0966b3b6d8d52dfc5c33577fc8033e693f9aa181f3e2330
    name: perl-Git
    evr: 2.47.3-1.el9_6
    sourcerpm: git-2.47.3-1.el9_6.src.rpm
  - url: https://cdn.redhat.com/content/eus/rhel9/9.6/x86_64/appstream/os/Packages/p/perl-TermReadKey-2.38-11.el9.x86_64.rpm
    repoid: rhel-9-for-x86_64-appstream-eus-rpms
    size: 41023
    checksum: sha256:5ff266e740a93344e1ce2913f4bec0f38cfdf721841e6762d85ac21d716ee9f8
    name: perl-TermReadKey
    evr: 2.38-11.el9
    sourcerpm: perl-TermReadKey-2.38-11.el9.src.rpm
  - url: https://cdn.redhat.com/content/eus/rhel9/9.6/x86_64/appstream/os/Packages/p/perl-Thread-Queue-3.14-460.el9.noarch.rpm
    repoid: rhel-9-for-x86_64-appstream-eus-rpms
    size: 24804
    checksum: sha256:88d838d681ad683970eb8566e8936faabffc3495dd1b555f083a1cd00538291a
    name: perl-Thread-Queue
    evr: 3.14-460.el9
    sourcerpm: perl-Thread-Queue-3.14-460.el9.src.rpm
  - url: https://cdn.redhat.com/content/eus/rhel9/9.6/x86_64/appstream/os/Packages/p/perl-lib-0.65-481.1.el9_6.x86_64.rpm
    repoid: rhel-9-for-x86_64-appstream-eus-rpms
    size: 14847
    checksum: sha256:badc59793f32fa6e98fd705101af0b879720db5e0811b46755640d3d64165715
    name: perl-lib
    evr: 0.65-481.1.el9_6
    sourcerpm: perl-5.32.1-481.1.el9_6.src.rpm
  - url: https://cdn.redhat.com/content/eus/rhel9/9.6/x86_64/appstream/os/Packages/p/perl-threads-2.25-460.el9.x86_64.rpm
    repoid: rhel-9-for-x86_64-appstream-eus-rpms
    size: 62702
    checksum: sha256:22546db61ccd2c69020c7ec3b04449b3589e1220dd3a02ad38e6d6c773ae126f
    name: perl-threads
    evr: 1:2.25-460.el9
    sourcerpm: perl-threads-2.25-460.el9.src.rpm
  - url: https://cdn.redhat.com/content/eus/rhel9/9.6/x86_64/appstream/os/Packages/p/perl-threads-shared-1.61-460.el9.x86_64.rpm
    repoid: rhel-9-for-x86_64-appstream-eus-rpms
    size: 48850
    checksum: sha256:3ee2cd37764da3452fbaa301f9bdf3ae1a2dba47b77cafb0ae5d31a10196b971
    name: perl-threads-shared
    evr: 1.61-460.el9
    sourcerpm: perl-threads-shared-1.61-460.el9.src.rpm
  - url: https://cdn.redhat.com/content/eus/rhel9/9.6/x86_64/appstream/os/Packages/p/python3.12-pip-23.2.1-4.el9.noarch.rpm
    repoid: rhel-9-for-x86_64-appstream-eus-rpms
    size: 3377244
    checksum: sha256:d7fddc3a02b3cba2256034e3ed61378dc37bd6155f91f5feb7560c9ffeb5230e
    name: python3.12-pip
    evr: 23.2.1-4.el9
    sourcerpm: python3.12-pip-23.2.1-4.el9.src.rpm
  - url: https://cdn.redhat.com/content/eus/rhel9/9.6/x86_64/appstream/os/Packages/p/python3.12-setuptools-68.2.2-5.el9_6.noarch.rpm
    repoid: rhel-9-for-x86_64-appstream-eus-rpms
    size: 1654905
    checksum: sha256:6a7ea24faa6a5f2686b5e5b103a09f63b929b9bef70f1392dfea4ec5ef57c819
    name: python3.12-setuptools
    evr: 68.2.2-5.el9_6
    sourcerpm: python3.12-setuptools-68.2.2-5.el9_6.src.rpm
  - url: https://cdn.redhat.com/content/eus/rhel9/9.6/x86_64/appstream/os/Packages/r/ruby-3.0.7-165.el9_5.x86_64.rpm
    repoid: rhel-9-for-x86_64-appstream-eus-rpms
    size: 40261
    checksum: sha256:3efe1d022b580d04b9a321990740bcc18b04ce1288a7c3985d74582e24e564e5
    name: ruby
    evr: 3.0.7-165.el9_5
    sourcerpm: ruby-3.0.7-165.el9_5.src.rpm
  - url: https://cdn.redhat.com/content/eus/rhel9/9.6/x86_64/appstream/os/Packages/r/ruby-default-gems-3.0.7-165.el9_5.noarch.rpm
    repoid: rhel-9-for-x86_64-appstream-eus-rpms
    size: 43707
    checksum: sha256:87980d39f679983122cfa4dfc385a10623d07471af660146eb03efaff522acf6
    name: ruby-default-gems
    evr: 3.0.7-165.el9_5
    sourcerpm: ruby-3.0.7-165.el9_5.src.rpm
  - url: https://cdn.redhat.com/content/eus/rhel9/9.6/x86_64/appstream/os/Packages/r/ruby-libs-3.0.7-165.el9_5.x86_64.rpm
    repoid: rhel-9-for-x86_64-appstream-eus-rpms
    size: 3461571
    checksum: sha256:3e5da47b7d1e12b6d51a11af40f239f7bf7fcd148670efa25c1beb49431e6e98
    name: ruby-libs
    evr: 3.0.7-165.el9_5
    sourcerpm: ruby-3.0.7-165.el9_5.src.rpm
  - url: https://cdn.redhat.com/content/eus/rhel9/9.6/x86_64/appstream/os/Packages/r/rubygem-bigdecimal-3.0.0-165.el9_5.x86_64.rpm
    repoid: rhel-9-for-x86_64-appstream-eus-rpms
    size: 53767
    checksum: sha256:4b44966556dcd4488deb754f152d19b9a3c38c827cb98a13593cf6b36b8441a2
    name: rubygem-bigdecimal
    evr: 3.0.0-165.el9_5
    sourcerpm: ruby-3.0.7-165.el9_5.src.rpm
  - url: https://cdn.redhat.com/content/eus/rhel9/9.6/x86_64/appstream/os/Packages/r/rubygem-bundler-2.2.33-165.el9_5.noarch.rpm
    repoid: rhel-9-for-x86_64-appstream-eus-rpms
    size: 463714
    checksum: sha256:40a31a95f07540da676a46f96cdf03bb1f16bbc3b50a809cf0c1036dccff5fd9
    name: rubygem-bundler
    evr: 2.2.33-165.el9_5
    sourcerpm: ruby-3.0.7-165.el9_5.src.rpm
  - url: https://cdn.redhat.com/content/eus/rhel9/9.6/x86_64/appstream/os/Packages/r/rubygem-io-console-0.5.7-165.el9_5.x86_64.rpm
    repoid: rhel-9-for-x86_64-appstream-eus-rpms
    size: 24121
    checksum: sha256:ad35f8e56ede1cdd9d2df7734c43288cfcd7ad4b2b891ef89b3c2f92e6bdcd08
    name: rubygem-io-console
    evr: 0.5.7-165.el9_5
    sourcerpm: ruby-3.0.7-165.el9_5.src.rpm
  - url: https://cdn.redhat.com/content/eus/rhel9/9.6/x86_64/appstream/os/Packages/r/rubygem-json-2.5.1-165.el9_5.x86_64.rpm
    repoid: rhel-9-for-x86_64-appstream-eus-rpms
    size: 57752
    checksum: sha256:ef59f0eeb3eac1836d6cfe9df4c4df19b15332a07a9aa52e20c319d299618f8e
    name: rubygem-json
    evr: 2.5.1-165.el9_5
    sourcerpm: ruby-3.0.7-165.el9_5.src.rpm
  - url: https://cdn.redhat.com/content/eus/rhel9/9.6/x86_64/appstream/os/Packages/r/rubygem-psych-3.3.2-165.el9_5.x86_64.rpm
    repoid: rhel-9-for-x86_64-appstream-eus-rpms
    size: 58369
    checksum: sha256:2d8d5482edb3d7d81f948d3c03c7eb74c523911f782a6ea65cd00658089328d4
    name: rubygem-psych
    evr: 3.3.2-165.el9_5
    sourcerpm: ruby-3.0.7-165.el9_5.src.rpm
  - url: https://cdn.redhat.com/content/eus/rhel9/9.6/x86_64/appstream/os/Packages/r/rubygem-rdoc-6.3.4.1-165.el9_5.noarch.rpm
    repoid: rhel-9-for-x86_64-appstream-eus-rpms
    size: 447643
    checksum: sha256:e10f7a41570c647f3fdfff59cf160036e80e48fc027a92dd624e37a31fda5766
    name: rubygem-rdoc
    evr: 6.3.4.1-165.el9_5
    sourcerpm: ruby-3.0.7-165.el9_5.src.rpm
  - url: https://cdn.redhat.com/content/eus/rhel9/9.6/x86_64/appstream/os/Packages/r/rubygems-3.2.33-165.el9_5.noarch.rpm
    repoid: rhel-9-for-x86_64-appstream-eus-rpms
    size: 310195
    checksum: sha256:03ae5e148b2be4c5a0fac3cb3cbfe3895f56cf67aa9212f6f28665589caf10e6
    name: rubygems
    evr: 3.2.33-165.el9_5
    sourcerpm: ruby-3.0.7-165.el9_5.src.rpm
  - url: https://cdn.redhat.com/content/eus/rhel9/9.6/x86_64/appstream/os/Packages/r/rust-1.84.1-1.el9.x86_64.rpm
    repoid: rhel-9-for-x86_64-appstream-eus-rpms
    size: 28050444
    checksum: sha256:9ba3c53fd811af2f294e31360d75e33e4cb89893130c7b3fe0c6191e20a09f3e
    name: rust
    evr: 1.84.1-1.el9
    sourcerpm: rust-1.84.1-1.el9.src.rpm
  - url: https://cdn.redhat.com/content/eus/rhel9/9.6/x86_64/appstream/os/Packages/r/rust-std-static-1.84.1-1.el9.x86_64.rpm
    repoid: rhel-9-for-x86_64-appstream-eus-rpms
    size: 41211472
    checksum: sha256:73bb90884432e2b43758f1043f107a570b5d54b38f17d5d0af51bac103ceb4f5
    name: rust-std-static
    evr: 1.84.1-1.el9
    sourcerpm: rust-1.84.1-1.el9.src.rpm
  - url: https://cdn.redhat.com/content/eus/rhel9/9.6/x86_64/appstream/os/Packages/s/skopeo-1.18.1-3.el9_6.x86_64.rpm
    repoid: rhel-9-for-x86_64-appstream-eus-rpms
    size: 9803426
    checksum: sha256:19a318d9e0057d9738a716b4089771066cf1a8397781b57013505bfde80f4805
    name: skopeo
    evr: 2:1.18.1-3.el9_6
    sourcerpm: skopeo-1.18.1-3.el9_6.src.rpm
  - url: https://cdn.redhat.com/content/eus/rhel9/9.6/x86_64/appstream/os/Packages/s/slirp4netns-1.3.2-1.el9.x86_64.rpm
    repoid: rhel-9-for-x86_64-appstream-eus-rpms
    size: 50387
    checksum: sha256:25a2a6c5cee50c6f4693ee66c782e9644f4ba1fe410c795391afcc07546496e7
    name: slirp4netns
    evr: 1.3.2-1.el9
    sourcerpm: slirp4netns-1.3.2-1.el9.src.rpm
  - url: https://cdn.redhat.com/content/eus/rhel9/9.6/x86_64/appstream/os/Packages/y/yajl-2.1.0-25.el9.x86_64.rpm
    repoid: rhel-9-for-x86_64-appstream-eus-rpms
    size: 42487
    checksum: sha256:f7503f34d5095303db5c57c70c5edb890dab7d0bba5920f3dcc44d7835449555
    name: yajl
    evr: 2.1.0-25.el9
    sourcerpm: yajl-2.1.0-25.el9.src.rpm
  - url: https://cdn.redhat.com/content/eus/rhel9/9.6/x86_64/baseos/os/Packages/f/fuse-common-3.10.2-9.el9.x86_64.rpm
    repoid: rhel-9-for-x86_64-baseos-eus-rpms
    size: 8750
    checksum: sha256:548265cbee787fa659bc79c07e15a12007f39eb70e905bf660ec488f0bb8820f
    name: fuse-common
    evr: 3.10.2-9.el9
    sourcerpm: fuse3-3.10.2-9.el9.src.rpm
  - url: https://cdn.redhat.com/content/eus/rhel9/9.6/x86_64/baseos/os/Packages/p/protobuf-c-1.3.3-13.el9.x86_64.rpm
    repoid: rhel-9-for-x86_64-baseos-eus-rpms
    size: 38224
    checksum: sha256:9669f5bed1c9532ede399cd1ea6f8937ae7d18cfb56d59f2939a4b456390035f
    name: protobuf-c
    evr: 1.3.3-13.el9
    sourcerpm: protobuf-c-1.3.3-13.el9.src.rpm
  - url: https://cdn.redhat.com/content/eus/rhel9/9.6/x86_64/baseos/os/Packages/s/shadow-utils-subid-4.9-12.el9.x86_64.rpm
    repoid: rhel-9-for-x86_64-baseos-eus-rpms
    size: 90389
    checksum: sha256:342ced93b6ca9b0fd884f990177f7b1e8a6bc35e0bb2a6d4b6684cf8f0062760
    name: shadow-utils-subid
    evr: 2:4.9-12.el9
    sourcerpm: shadow-utils-4.9-12.el9.src.rpm
  - url: https://cdn.redhat.com/content/eus/rhel9/9.6/x86_64/codeready-builder/os/Packages/s/swig-4.0.2-8.el9.x86_64.rpm
    repoid: codeready-builder-for-rhel-9-x86_64-eus-rpms
    size: 1697818
    checksum: sha256:068fc85180ef47f1a33a48caf7c148d059e258c9bedc5ce9c27d83bcaa81c2aa
    name: swig
    evr: 4.0.2-8.el9
    sourcerpm: swig-4.0.2-8.el9.src.rpm
  source: []
  module_metadata: []
